// !$*UTF8*$!
{
	archiveVersion = 1;
	classes = {
	};
	objectVersion = 48;
	objects = {

/* Begin PBXBuildFile section */
		111AF58E1FBC0F60008CDA19 /* AppDelegate.swift in Sources */ = {isa = PBXBuildFile; fileRef = 111AF58D1FBC0F60008CDA19 /* AppDelegate.swift */; };
		111AF5901FBC0F60008CDA19 /* ViewController.swift in Sources */ = {isa = PBXBuildFile; fileRef = 111AF58F1FBC0F60008CDA19 /* ViewController.swift */; };
		111AF5931FBC0F60008CDA19 /* Main.storyboard in Resources */ = {isa = PBXBuildFile; fileRef = 111AF5911FBC0F60008CDA19 /* Main.storyboard */; };
		111AF5951FBC0F60008CDA19 /* Assets.xcassets in Resources */ = {isa = PBXBuildFile; fileRef = 111AF5941FBC0F60008CDA19 /* Assets.xcassets */; };
		111AF5981FBC0F60008CDA19 /* LaunchScreen.storyboard in Resources */ = {isa = PBXBuildFile; fileRef = 111AF5961FBC0F60008CDA19 /* LaunchScreen.storyboard */; };
		111AF5A01FBC5557008CDA19 /* LeoVideoRecorderAndPlayer.swift in Sources */ = {isa = PBXBuildFile; fileRef = 111AF59F1FBC5557008CDA19 /* LeoVideoRecorderAndPlayer.swift */; };
		111AF5A21FBC8BEE008CDA19 /* Documentations.md in Resources */ = {isa = PBXBuildFile; fileRef = 111AF5A11FBC8BEE008CDA19 /* Documentations.md */; };
/* End PBXBuildFile section */

/* Begin PBXFileReference section */
		111AF58A1FBC0F60008CDA19 /* LeoVedioPlayerAndRecorderProject.app */ = {isa = PBXFileReference; explicitFileType = wrapper.application; includeInIndex = 0; path = LeoVedioPlayerAndRecorderProject.app; sourceTree = BUILT_PRODUCTS_DIR; };
		111AF58D1FBC0F60008CDA19 /* AppDelegate.swift */ = {isa = PBXFileReference; lastKnownFileType = sourcecode.swift; path = AppDelegate.swift; sourceTree = "<group>"; };
		111AF58F1FBC0F60008CDA19 /* ViewController.swift */ = {isa = PBXFileReference; lastKnownFileType = sourcecode.swift; path = ViewController.swift; sourceTree = "<group>"; };
		111AF5921FBC0F60008CDA19 /* Base */ = {isa = PBXFileReference; lastKnownFileType = file.storyboard; name = Base; path = Base.lproj/Main.storyboard; sourceTree = "<group>"; };
		111AF5941FBC0F60008CDA19 /* Assets.xcassets */ = {isa = PBXFileReference; lastKnownFileType = folder.assetcatalog; path = Assets.xcassets; sourceTree = "<group>"; };
		111AF5971FBC0F60008CDA19 /* Base */ = {isa = PBXFileReference; lastKnownFileType = file.storyboard; name = Base; path = Base.lproj/LaunchScreen.storyboard; sourceTree = "<group>"; };
		111AF5991FBC0F60008CDA19 /* Info.plist */ = {isa = PBXFileReference; lastKnownFileType = text.plist.xml; path = Info.plist; sourceTree = "<group>"; };
		111AF59F1FBC5557008CDA19 /* LeoVideoRecorderAndPlayer.swift */ = {isa = PBXFileReference; lastKnownFileType = sourcecode.swift; path = LeoVideoRecorderAndPlayer.swift; sourceTree = "<group>"; };
		111AF5A11FBC8BEE008CDA19 /* Documentations.md */ = {isa = PBXFileReference; lastKnownFileType = net.daringfireball.markdown; path = Documentations.md; sourceTree = "<group>"; };
/* End PBXFileReference section */

/* Begin PBXFrameworksBuildPhase section */
		111AF5871FBC0F60008CDA19 /* Frameworks */ = {
			isa = PBXFrameworksBuildPhase;
			buildActionMask = 2147483647;
			files = (
			);
			runOnlyForDeploymentPostprocessing = 0;
		};
/* End PBXFrameworksBuildPhase section */

/* Begin PBXGroup section */
		111AF5811FBC0F60008CDA19 = {
			isa = PBXGroup;
			children = (
				111AF58C1FBC0F60008CDA19 /* LeoVedioPlayerAndRecorderProject */,
				111AF58B1FBC0F60008CDA19 /* Products */,
			);
			sourceTree = "<group>";
		};
		111AF58B1FBC0F60008CDA19 /* Products */ = {
			isa = PBXGroup;
			children = (
				111AF58A1FBC0F60008CDA19 /* LeoVedioPlayerAndRecorderProject.app */,
			);
			name = Products;
			sourceTree = "<group>";
		};
		111AF58C1FBC0F60008CDA19 /* LeoVedioPlayerAndRecorderProject */ = {
			isa = PBXGroup;
			children = (
				111AF58D1FBC0F60008CDA19 /* AppDelegate.swift */,
				111AF58F1FBC0F60008CDA19 /* ViewController.swift */,
				111AF5A11FBC8BEE008CDA19 /* Documentations.md */,
				111AF59F1FBC5557008CDA19 /* LeoVideoRecorderAndPlayer.swift */,
				111AF5911FBC0F60008CDA19 /* Main.storyboard */,
				111AF5941FBC0F60008CDA19 /* Assets.xcassets */,
				111AF5961FBC0F60008CDA19 /* LaunchScreen.storyboard */,
				111AF5991FBC0F60008CDA19 /* Info.plist */,
			);
			path = LeoVedioPlayerAndRecorderProject;
			sourceTree = "<group>";
		};
/* End PBXGroup section */

/* Begin PBXNativeTarget section */
		111AF5891FBC0F60008CDA19 /* LeoVedioPlayerAndRecorderProject */ = {
			isa = PBXNativeTarget;
			buildConfigurationList = 111AF59C1FBC0F60008CDA19 /* Build configuration list for PBXNativeTarget "LeoVedioPlayerAndRecorderProject" */;
			buildPhases = (
				111AF5861FBC0F60008CDA19 /* Sources */,
				111AF5871FBC0F60008CDA19 /* Frameworks */,
				111AF5881FBC0F60008CDA19 /* Resources */,
			);
			buildRules = (
			);
			dependencies = (
			);
			name = LeoVedioPlayerAndRecorderProject;
			productName = LeoVedioPlayerAndRecorderProject;
			productReference = 111AF58A1FBC0F60008CDA19 /* LeoVedioPlayerAndRecorderProject.app */;
			productType = "com.apple.product-type.application";
		};
/* End PBXNativeTarget section */

/* Begin PBXProject section */
		111AF5821FBC0F60008CDA19 /* Project object */ = {
			isa = PBXProject;
			attributes = {
				LastSwiftUpdateCheck = 0900;
				LastUpgradeCheck = 0900;
				ORGANIZATIONNAME = "vijay vir";
				TargetAttributes = {
					111AF5891FBC0F60008CDA19 = {
						CreatedOnToolsVersion = 9.0;
						ProvisioningStyle = Automatic;
					};
				};
			};
			buildConfigurationList = 111AF5851FBC0F60008CDA19 /* Build configuration list for PBXProject "LeoVedioPlayerAndRecorderProject" */;
			compatibilityVersion = "Xcode 8.0";
			developmentRegion = en;
			hasScannedForEncodings = 0;
			knownRegions = (
				en,
				Base,
			);
			mainGroup = 111AF5811FBC0F60008CDA19;
			productRefGroup = 111AF58B1FBC0F60008CDA19 /* Products */;
			projectDirPath = "";
			projectRoot = "";
			targets = (
				111AF5891FBC0F60008CDA19 /* LeoVedioPlayerAndRecorderProject */,
			);
		};
/* End PBXProject section */

/* Begin PBXResourcesBuildPhase section */
		111AF5881FBC0F60008CDA19 /* Resources */ = {
			isa = PBXResourcesBuildPhase;
			buildActionMask = 2147483647;
			files = (
				111AF5981FBC0F60008CDA19 /* LaunchScreen.storyboard in Resources */,
				111AF5A21FBC8BEE008CDA19 /* Documentations.md in Resources */,
				111AF5951FBC0F60008CDA19 /* Assets.xcassets in Resources */,
				111AF5931FBC0F60008CDA19 /* Main.storyboard in Resources */,
			);
			runOnlyForDeploymentPostprocessing = 0;
		};
/* End PBXResourcesBuildPhase section */

/* Begin PBXSourcesBuildPhase section */
		111AF5861FBC0F60008CDA19 /* Sources */ = {
			isa = PBXSourcesBuildPhase;
			buildActionMask = 2147483647;
			files = (
				111AF5901FBC0F60008CDA19 /* ViewController.swift in Sources */,
				111AF5A01FBC5557008CDA19 /* LeoVideoRecorderAndPlayer.swift in Sources */,
				111AF58E1FBC0F60008CDA19 /* AppDelegate.swift in Sources */,
			);
			runOnlyForDeploymentPostprocessing = 0;
		};
/* End PBXSourcesBuildPhase section */

/* Begin PBXVariantGroup section */
		111AF5911FBC0F60008CDA19 /* Main.storyboard */ = {
			isa = PBXVariantGroup;
			children = (
				111AF5921FBC0F60008CDA19 /* Base */,
			);
			name = Main.storyboard;
			sourceTree = "<group>";
		};
		111AF5961FBC0F60008CDA19 /* LaunchScreen.storyboard */ = {
			isa = PBXVariantGroup;
			children = (
				111AF5971FBC0F60008CDA19 /* Base */,
			);
			name = LaunchScreen.storyboard;
			sourceTree = "<group>";
		};
/* End PBXVariantGroup section */

/* Begin XCBuildConfiguration section */
		111AF59A1FBC0F60008CDA19 /* Debug */ = {
			isa = XCBuildConfiguration;
			buildSettings = {
				ALWAYS_SEARCH_USER_PATHS = NO;
				CLANG_ANALYZER_NONNULL = YES;
				CLANG_ANALYZER_NUMBER_OBJECT_CONVERSION = YES_AGGRESSIVE;
				CLANG_CXX_LANGUAGE_STANDARD = "gnu++14";
				CLANG_CXX_LIBRARY = "libc++";
				CLANG_ENABLE_MODULES = YES;
				CLANG_ENABLE_OBJC_ARC = YES;
				CLANG_WARN_BLOCK_CAPTURE_AUTORELEASING = YES;
				CLANG_WARN_BOOL_CONVERSION = YES;
				CLANG_WARN_COMMA = YES;
				CLANG_WARN_CONSTANT_CONVERSION = YES;
				CLANG_WARN_DIRECT_OBJC_ISA_USAGE = YES_ERROR;
				CLANG_WARN_DOCUMENTATION_COMMENTS = YES;
				CLANG_WARN_EMPTY_BODY = YES;
				CLANG_WARN_ENUM_CONVERSION = YES;
				CLANG_WARN_INFINITE_RECURSION = YES;
				CLANG_WARN_INT_CONVERSION = YES;
				CLANG_WARN_NON_LITERAL_NULL_CONVERSION = YES;
				CLANG_WARN_OBJC_LITERAL_CONVERSION = YES;
				CLANG_WARN_OBJC_ROOT_CLASS = YES_ERROR;
				CLANG_WARN_RANGE_LOOP_ANALYSIS = YES;
				CLANG_WARN_STRICT_PROTOTYPES = YES;
				CLANG_WARN_SUSPICIOUS_MOVE = YES;
				CLANG_WARN_UNGUARDED_AVAILABILITY = YES_AGGRESSIVE;
				CLANG_WARN_UNREACHABLE_CODE = YES;
				CLANG_WARN__DUPLICATE_METHOD_MATCH = YES;
				CODE_SIGN_IDENTITY = "iPhone Developer";
				COPY_PHASE_STRIP = NO;
				DEBUG_INFORMATION_FORMAT = dwarf;
				ENABLE_STRICT_OBJC_MSGSEND = YES;
				ENABLE_TESTABILITY = YES;
				GCC_C_LANGUAGE_STANDARD = gnu11;
				GCC_DYNAMIC_NO_PIC = NO;
				GCC_NO_COMMON_BLOCKS = YES;
				GCC_OPTIMIZATION_LEVEL = 0;
				GCC_PREPROCESSOR_DEFINITIONS = (
					"DEBUG=1",
					"$(inherited)",
				);
				GCC_WARN_64_TO_32_BIT_CONVERSION = YES;
				GCC_WARN_ABOUT_RETURN_TYPE = YES_ERROR;
				GCC_WARN_UNDECLARED_SELECTOR = YES;
				GCC_WARN_UNINITIALIZED_AUTOS = YES_AGGRESSIVE;
				GCC_WARN_UNUSED_FUNCTION = YES;
				GCC_WARN_UNUSED_VARIABLE = YES;
				IPHONEOS_DEPLOYMENT_TARGET = 11.0;
				MTL_ENABLE_DEBUG_INFO = YES;
				ONLY_ACTIVE_ARCH = YES;
				SDKROOT = iphoneos;
				SWIFT_ACTIVE_COMPILATION_CONDITIONS = DEBUG;
				SWIFT_OPTIMIZATION_LEVEL = "-Onone";
			};
			name = Debug;
		};
		111AF59B1FBC0F60008CDA19 /* Release */ = {
			isa = XCBuildConfiguration;
			buildSettings = {
				ALWAYS_SEARCH_USER_PATHS = NO;
				CLANG_ANALYZER_NONNULL = YES;
				CLANG_ANALYZER_NUMBER_OBJECT_CONVERSION = YES_AGGRESSIVE;
				CLANG_CXX_LANGUAGE_STANDARD = "gnu++14";
				CLANG_CXX_LIBRARY = "libc++";
				CLANG_ENABLE_MODULES = YES;
				CLANG_ENABLE_OBJC_ARC = YES;
				CLANG_WARN_BLOCK_CAPTURE_AUTORELEASING = YES;
				CLANG_WARN_BOOL_CONVERSION = YES;
				CLANG_WARN_COMMA = YES;
				CLANG_WARN_CONSTANT_CONVERSION = YES;
				CLANG_WARN_DIRECT_OBJC_ISA_USAGE = YES_ERROR;
				CLANG_WARN_DOCUMENTATION_COMMENTS = YES;
				CLANG_WARN_EMPTY_BODY = YES;
				CLANG_WARN_ENUM_CONVERSION = YES;
				CLANG_WARN_INFINITE_RECURSION = YES;
				CLANG_WARN_INT_CONVERSION = YES;
				CLANG_WARN_NON_LITERAL_NULL_CONVERSION = YES;
				CLANG_WARN_OBJC_LITERAL_CONVERSION = YES;
				CLANG_WARN_OBJC_ROOT_CLASS = YES_ERROR;
				CLANG_WARN_RANGE_LOOP_ANALYSIS = YES;
				CLANG_WARN_STRICT_PROTOTYPES = YES;
				CLANG_WARN_SUSPICIOUS_MOVE = YES;
				CLANG_WARN_UNGUARDED_AVAILABILITY = YES_AGGRESSIVE;
				CLANG_WARN_UNREACHABLE_CODE = YES;
				CLANG_WARN__DUPLICATE_METHOD_MATCH = YES;
				CODE_SIGN_IDENTITY = "iPhone Developer";
				COPY_PHASE_STRIP = NO;
				DEBUG_INFORMATION_FORMAT = "dwarf-with-dsym";
				ENABLE_NS_ASSERTIONS = NO;
				ENABLE_STRICT_OBJC_MSGSEND = YES;
				GCC_C_LANGUAGE_STANDARD = gnu11;
				GCC_NO_COMMON_BLOCKS = YES;
				GCC_WARN_64_TO_32_BIT_CONVERSION = YES;
				GCC_WARN_ABOUT_RETURN_TYPE = YES_ERROR;
				GCC_WARN_UNDECLARED_SELECTOR = YES;
				GCC_WARN_UNINITIALIZED_AUTOS = YES_AGGRESSIVE;
				GCC_WARN_UNUSED_FUNCTION = YES;
				GCC_WARN_UNUSED_VARIABLE = YES;
				IPHONEOS_DEPLOYMENT_TARGET = 11.0;
				MTL_ENABLE_DEBUG_INFO = NO;
				SDKROOT = iphoneos;
				SWIFT_OPTIMIZATION_LEVEL = "-Owholemodule";
				VALIDATE_PRODUCT = YES;
			};
			name = Release;
		};
		111AF59D1FBC0F60008CDA19 /* Debug */ = {
			isa = XCBuildConfiguration;
			buildSettings = {
				ASSETCATALOG_COMPILER_APPICON_NAME = AppIcon;
				CODE_SIGN_STYLE = Automatic;
				DEVELOPMENT_TEAM = V9782H4PQ9;
				INFOPLIST_FILE = LeoVedioPlayerAndRecorderProject/Info.plist;
				LD_RUNPATH_SEARCH_PATHS = "$(inherited) @executable_path/Frameworks";
				PRODUCT_BUNDLE_IDENTIFIER = com.siv.YachtBrain.LeoVedioPlayerAndRecorderProject;
				PRODUCT_NAME = "$(TARGET_NAME)";
				SWIFT_VERSION = 4.0;
				TARGETED_DEVICE_FAMILY = "1,2";
			};
			name = Debug;
		};
		111AF59E1FBC0F60008CDA19 /* Release */ = {
			isa = XCBuildConfiguration;
			buildSettings = {
				ASSETCATALOG_COMPILER_APPICON_NAME = AppIcon;
				CODE_SIGN_STYLE = Automatic;
				DEVELOPMENT_TEAM = V9782H4PQ9;
				INFOPLIST_FILE = LeoVedioPlayerAndRecorderProject/Info.plist;
				LD_RUNPATH_SEARCH_PATHS = "$(inherited) @executable_path/Frameworks";
				PRODUCT_BUNDLE_IDENTIFIER = com.siv.YachtBrain.LeoVedioPlayerAndRecorderProject;
				PRODUCT_NAME = "$(TARGET_NAME)";
				SWIFT_VERSION = 4.0;
				TARGETED_DEVICE_FAMILY = "1,2";
			};
			name = Release;
		};
/* End XCBuildConfiguration section */

/* Begin XCConfigurationList section */
		111AF5851FBC0F60008CDA19 /* Build configuration list for PBXProject "LeoVedioPlayerAndRecorderProject" */ = {
			isa = XCConfigurationList;
			buildConfigurations = (
				111AF59A1FBC0F60008CDA19 /* Debug */,
				111AF59B1FBC0F60008CDA19 /* Release */,
			);
			defaultConfigurationIsVisible = 0;
			defaultConfigurationName = Release;
		};
		111AF59C1FBC0F60008CDA19 /* Build configuration list for PBXNativeTarget "LeoVedioPlayerAndRecorderProject" */ = {
			isa = XCConfigurationList;
			buildConfigurations = (
				111AF59D1FBC0F60008CDA19 /* Debug */,
				111AF59E1FBC0F60008CDA19 /* Release */,
			);
			defaultConfigurationIsVisible = 0;
			defaultConfigurationName = Release;
		};
/* End XCConfigurationList section */
	};
	rootObject = 111AF5821FBC0F60008CDA19 /* Project object */;
}
